
Microsoft Visual Studio Solution File, Format Version 11.00
# Visual Studio 2010
Project("{FAE04EC0-301F-11D3-BF4B-00C04F79EFBC}") = "Assembly-CSharp", "Assembly-CSharp.csproj", "{D5BA968E-EEEE-B6E2-2D95-869C2AFD4D7B}"
EndProject
Global
	GlobalSection(SolutionConfigurationPlatforms) = preSolution
		Debug|Any CPU = Debug|Any CPU
		Release|Any CPU = Release|Any CPU
	EndGlobalSection
	GlobalSection(ProjectConfigurationPlatforms) = postSolution
		{D5BA968E-EEEE-B6E2-2D95-869C2AFD4D7B}.Debug|Any CPU.ActiveCfg = Debug|Any CPU
		{D5BA968E-EEEE-B6E2-2D95-869C2AFD4D7B}.Debug|Any CPU.Build.0 = Debug|Any CPU
		{D5BA968E-EEEE-B6E2-2D95-869C2AFD4D7B}.Release|Any CPU.ActiveCfg = Release|Any CPU
		{D5BA968E-EEEE-B6E2-2D95-869C2AFD4D7B}.Release|Any CPU.Build.0 = Release|Any CPU
	EndGlobalSection
	GlobalSection(SolutionProperties) = preSolution
		HideSolutionNode = FALSE
	EndGlobalSection
EndGlobal
